
Microsoft Visual Studio Solution File, Format Version 12.00
# Visual Studio Version 17
VisualStudioVersion = 17.11.35312.102
MinimumVisualStudioVersion = 10.0.40219.1
Project("{9A19103F-16F7-4668-BE54-9A1E7A4F7556}") = "AirportTracker", "AirportTracker\AirportTracker.csproj", "{BD013985-40C8-4B7F-A4F0-0A2D26A26D00}"
EndProject
Global
	GlobalSection(SolutionConfigurationPlatforms) = preSolution
		Debug|Any CPU = Debug|Any CPU
		Release|Any CPU = Release|Any CPU
	EndGlobalSection
	GlobalSection(ProjectConfigurationPlatforms) = postSolution
		{BD013985-40C8-4B7F-A4F0-0A2D26A26D00}.Debug|Any CPU.ActiveCfg = Debug|Any CPU
		{BD013985-40C8-4B7F-A4F0-0A2D26A26D00}.Debug|Any CPU.Build.0 = Debug|Any CPU
		{BD013985-40C8-4B7F-A4F0-0A2D26A26D00}.Release|Any CPU.ActiveCfg = Release|Any CPU
		{BD013985-40C8-4B7F-A4F0-0A2D26A26D00}.Release|Any CPU.Build.0 = Release|Any CPU
	EndGlobalSection
	GlobalSection(SolutionProperties) = preSolution
		HideSolutionNode = FALSE
	EndGlobalSection
	GlobalSection(ExtensibilityGlobals) = postSolution
		SolutionGuid = {217DB747-C9BE-4723-91E3-432D87CE7EE2}
	EndGlobalSection
EndGlobal
